// !$*UTF8*$!
{
	archiveVersion = 1;
	classes = {
	};
	objectVersion = 56;
	objects = {

/* Begin PBXBuildFile section */
		0100FEC8299004FB0067F766 /* UserSelectionView.swift in Sources */ = {isa = PBXBuildFile; fileRef = 0100FEC7299004FB0067F766 /* UserSelectionView.swift */; };
		0100FECA299012130067F766 /* Card.swift in Sources */ = {isa = PBXBuildFile; fileRef = 0100FEC9299012130067F766 /* Card.swift */; };
		0100FEDC299014C20067F766 /* OnboardingViewModel.swift in Sources */ = {isa = PBXBuildFile; fileRef = 0100FEDB299014C20067F766 /* OnboardingViewModel.swift */; };
		01103BAE2997E6B900B938D2 /* GameCard.swift in Sources */ = {isa = PBXBuildFile; fileRef = 01103BAD2997E6B900B938D2 /* GameCard.swift */; };
		0124B9D3299A0D07002B9D65 /* SavedGameViewModel.swift in Sources */ = {isa = PBXBuildFile; fileRef = 0124B9D2299A0D07002B9D65 /* SavedGameViewModel.swift */; };
		0124B9E2299A631B002B9D65 /* Player+CoreDataClass.swift in Sources */ = {isa = PBXBuildFile; fileRef = 0124B9DE299A631B002B9D65 /* Player+CoreDataClass.swift */; };
		0124B9E3299A631B002B9D65 /* Player+CoreDataProperties.swift in Sources */ = {isa = PBXBuildFile; fileRef = 0124B9DF299A631B002B9D65 /* Player+CoreDataProperties.swift */; };
		0124B9E4299A631B002B9D65 /* Game+CoreDataClass.swift in Sources */ = {isa = PBXBuildFile; fileRef = 0124B9E0299A631B002B9D65 /* Game+CoreDataClass.swift */; };
		0124B9E5299A631B002B9D65 /* Game+CoreDataProperties.swift in Sources */ = {isa = PBXBuildFile; fileRef = 0124B9E1299A631B002B9D65 /* Game+CoreDataProperties.swift */; };
		012BACDD298968EA00BD2C44 /* MemorizeApp.swift in Sources */ = {isa = PBXBuildFile; fileRef = 012BACDC298968EA00BD2C44 /* MemorizeApp.swift */; };
		012BACE1298968EB00BD2C44 /* Assets.xcassets in Resources */ = {isa = PBXBuildFile; fileRef = 012BACE0298968EB00BD2C44 /* Assets.xcassets */; };
		012BACE4298968EB00BD2C44 /* Preview Assets.xcassets in Resources */ = {isa = PBXBuildFile; fileRef = 012BACE3298968EB00BD2C44 /* Preview Assets.xcassets */; };
		012BACE6298968EB00BD2C44 /* Persistence.swift in Sources */ = {isa = PBXBuildFile; fileRef = 012BACE5298968EB00BD2C44 /* Persistence.swift */; };
		012BACE9298968EB00BD2C44 /* Memorize.xcdatamodeld in Sources */ = {isa = PBXBuildFile; fileRef = 012BACE7298968EB00BD2C44 /* Memorize.xcdatamodeld */; };
		012BACF829896B3700BD2C44 /* DeckBuilderModel.swift in Sources */ = {isa = PBXBuildFile; fileRef = 012BACF729896B3700BD2C44 /* DeckBuilderModel.swift */; };
		01510EA429921B1500AB8E9B /* LevelOptionView.swift in Sources */ = {isa = PBXBuildFile; fileRef = 01510EA329921B1500AB8E9B /* LevelOptionView.swift */; };
		01510EAD29922DBB00AB8E9B /* Memorize.swift in Sources */ = {isa = PBXBuildFile; fileRef = 01510EAC29922DBB00AB8E9B /* Memorize.swift */; };
		018BD20A298E6C6F00CE7556 /* soundtrack.mp3 in Resources */ = {isa = PBXBuildFile; fileRef = 018BD209298E6C6E00CE7556 /* soundtrack.mp3 */; };
		01B46E6B299837C4001769EE /* ShowCardOptionView.swift in Sources */ = {isa = PBXBuildFile; fileRef = 01B46E6A299837C4001769EE /* ShowCardOptionView.swift */; };
		01B761282990CC2B00DC964B /* UIErrorHandler.swift in Sources */ = {isa = PBXBuildFile; fileRef = 01B761272990CC2B00DC964B /* UIErrorHandler.swift */; };
		01B7612A2990D0E300DC964B /* UserSelectionPropertyWrapper.swift in Sources */ = {isa = PBXBuildFile; fileRef = 01B761292990D0E300DC964B /* UserSelectionPropertyWrapper.swift */; };
		01B7614C2990DEEC00DC964B /* GameOptionView.swift in Sources */ = {isa = PBXBuildFile; fileRef = 01B7614B2990DEEC00DC964B /* GameOptionView.swift */; };
		01B7614E2990E01C00DC964B /* SavedGameView.swift in Sources */ = {isa = PBXBuildFile; fileRef = 01B7614D2990E01C00DC964B /* SavedGameView.swift */; };
		01B761502990EACF00DC964B /* DeckPickerView.swift in Sources */ = {isa = PBXBuildFile; fileRef = 01B7614F2990EACF00DC964B /* DeckPickerView.swift */; };
		01CB8DAB299B5BE200F7A72D /* NetworkService.swift in Sources */ = {isa = PBXBuildFile; fileRef = 01CB8DAA299B5BE200F7A72D /* NetworkService.swift */; };
		01CB8DAD299B5ED700F7A72D /* CardAPI.swift in Sources */ = {isa = PBXBuildFile; fileRef = 01CB8DAC299B5ED700F7A72D /* CardAPI.swift */; };
		01CB8DAF299B633700F7A72D /* APICardStateViewModel.swift in Sources */ = {isa = PBXBuildFile; fileRef = 01CB8DAE299B633700F7A72D /* APICardStateViewModel.swift */; };
		01CB8DB1299B65F500F7A72D /* ApiImageDeckViewModel.swift in Sources */ = {isa = PBXBuildFile; fileRef = 01CB8DB0299B65F500F7A72D /* ApiImageDeckViewModel.swift */; };
		01CB8DB4299B67CB00F7A72D /* APICardStateView.swift in Sources */ = {isa = PBXBuildFile; fileRef = 01CB8DB3299B67CB00F7A72D /* APICardStateView.swift */; };
		01CB8DB6299B780200F7A72D /* APICardStateErrorView.swift in Sources */ = {isa = PBXBuildFile; fileRef = 01CB8DB5299B780200F7A72D /* APICardStateErrorView.swift */; };
		01CB8DB8299B881800F7A72D /* PrepareAPICardGameView.swift in Sources */ = {isa = PBXBuildFile; fileRef = 01CB8DB7299B881800F7A72D /* PrepareAPICardGameView.swift */; };
		01DAF6EF298B983D002860F1 /* DeckGenerator.swift in Sources */ = {isa = PBXBuildFile; fileRef = 01DAF6EE298B983D002860F1 /* DeckGenerator.swift */; };
		01DAF6F1298B986A002860F1 /* GameViewModel.swift in Sources */ = {isa = PBXBuildFile; fileRef = 01DAF6F0298B986A002860F1 /* GameViewModel.swift */; };
		01DAF6F7298B9A4D002860F1 /* AudioService.swift in Sources */ = {isa = PBXBuildFile; fileRef = 01DAF6F6298B9A4D002860F1 /* AudioService.swift */; };
		01DAF6F9298B9C3D002860F1 /* AudioViewModel.swift in Sources */ = {isa = PBXBuildFile; fileRef = 01DAF6F8298B9C3D002860F1 /* AudioViewModel.swift */; };
		01DAF6FC298B9FA3002860F1 /* chimeup.mp3 in Resources */ = {isa = PBXBuildFile; fileRef = 01DAF6FA298B9FA2002860F1 /* chimeup.mp3 */; };
		01DAF6FD298B9FA3002860F1 /* success.m4a in Resources */ = {isa = PBXBuildFile; fileRef = 01DAF6FB298B9FA3002860F1 /* success.m4a */; };
		01DAF705298B9FD6002860F1 /* MemorizeTests.swift in Sources */ = {isa = PBXBuildFile; fileRef = 01DAF704298B9FD6002860F1 /* MemorizeTests.swift */; };
/* End PBXBuildFile section */

/* Begin PBXContainerItemProxy section */
		01DAF706298B9FD6002860F1 /* PBXContainerItemProxy */ = {
			isa = PBXContainerItemProxy;
			containerPortal = 012BACD1298968EA00BD2C44 /* Project object */;
			proxyType = 1;
			remoteGlobalIDString = 012BACD8298968EA00BD2C44;
			remoteInfo = Memorize;
		};
/* End PBXContainerItemProxy section */

/* Begin PBXFileReference section */
		0100FEC7299004FB0067F766 /* UserSelectionView.swift */ = {isa = PBXFileReference; lastKnownFileType = sourcecode.swift; path = UserSelectionView.swift; sourceTree = "<group>"; };
		0100FEC9299012130067F766 /* Card.swift */ = {isa = PBXFileReference; lastKnownFileType = sourcecode.swift; path = Card.swift; sourceTree = "<group>"; };
		0100FEDB299014C20067F766 /* OnboardingViewModel.swift */ = {isa = PBXFileReference; lastKnownFileType = sourcecode.swift; path = OnboardingViewModel.swift; sourceTree = "<group>"; };
		01103BAD2997E6B900B938D2 /* GameCard.swift */ = {isa = PBXFileReference; lastKnownFileType = sourcecode.swift; path = GameCard.swift; sourceTree = "<group>"; };
		0124B9D2299A0D07002B9D65 /* SavedGameViewModel.swift */ = {isa = PBXFileReference; lastKnownFileType = sourcecode.swift; path = SavedGameViewModel.swift; sourceTree = "<group>"; };
		0124B9DE299A631B002B9D65 /* Player+CoreDataClass.swift */ = {isa = PBXFileReference; lastKnownFileType = sourcecode.swift; path = "Player+CoreDataClass.swift"; sourceTree = "<group>"; };
		0124B9DF299A631B002B9D65 /* Player+CoreDataProperties.swift */ = {isa = PBXFileReference; lastKnownFileType = sourcecode.swift; path = "Player+CoreDataProperties.swift"; sourceTree = "<group>"; };
		0124B9E0299A631B002B9D65 /* Game+CoreDataClass.swift */ = {isa = PBXFileReference; lastKnownFileType = sourcecode.swift; path = "Game+CoreDataClass.swift"; sourceTree = "<group>"; };
		0124B9E1299A631B002B9D65 /* Game+CoreDataProperties.swift */ = {isa = PBXFileReference; lastKnownFileType = sourcecode.swift; path = "Game+CoreDataProperties.swift"; sourceTree = "<group>"; };
		012BACD9298968EA00BD2C44 /* Memorize.app */ = {isa = PBXFileReference; explicitFileType = wrapper.application; includeInIndex = 0; path = Memorize.app; sourceTree = BUILT_PRODUCTS_DIR; };
		012BACDC298968EA00BD2C44 /* MemorizeApp.swift */ = {isa = PBXFileReference; lastKnownFileType = sourcecode.swift; path = MemorizeApp.swift; sourceTree = "<group>"; };
		012BACE0298968EB00BD2C44 /* Assets.xcassets */ = {isa = PBXFileReference; lastKnownFileType = folder.assetcatalog; path = Assets.xcassets; sourceTree = "<group>"; };
		012BACE3298968EB00BD2C44 /* Preview Assets.xcassets */ = {isa = PBXFileReference; lastKnownFileType = folder.assetcatalog; path = "Preview Assets.xcassets"; sourceTree = "<group>"; };
		012BACE5298968EB00BD2C44 /* Persistence.swift */ = {isa = PBXFileReference; lastKnownFileType = sourcecode.swift; path = Persistence.swift; sourceTree = "<group>"; };
		012BACE8298968EB00BD2C44 /* Memorize.xcdatamodel */ = {isa = PBXFileReference; lastKnownFileType = wrapper.xcdatamodel; path = Memorize.xcdatamodel; sourceTree = "<group>"; };
		012BACF729896B3700BD2C44 /* DeckBuilderModel.swift */ = {isa = PBXFileReference; lastKnownFileType = sourcecode.swift; path = DeckBuilderModel.swift; sourceTree = "<group>"; };
		01510EA329921B1500AB8E9B /* LevelOptionView.swift */ = {isa = PBXFileReference; lastKnownFileType = sourcecode.swift; path = LevelOptionView.swift; sourceTree = "<group>"; };
		01510EAC29922DBB00AB8E9B /* Memorize.swift */ = {isa = PBXFileReference; lastKnownFileType = sourcecode.swift; path = Memorize.swift; sourceTree = "<group>"; };
		018BD209298E6C6E00CE7556 /* soundtrack.mp3 */ = {isa = PBXFileReference; lastKnownFileType = audio.mp3; path = soundtrack.mp3; sourceTree = "<group>"; };
		01B46E6A299837C4001769EE /* ShowCardOptionView.swift */ = {isa = PBXFileReference; lastKnownFileType = sourcecode.swift; path = ShowCardOptionView.swift; sourceTree = "<group>"; };
		01B761272990CC2B00DC964B /* UIErrorHandler.swift */ = {isa = PBXFileReference; fileEncoding = 4; lastKnownFileType = sourcecode.swift; path = UIErrorHandler.swift; sourceTree = "<group>"; };
		01B761292990D0E300DC964B /* UserSelectionPropertyWrapper.swift */ = {isa = PBXFileReference; lastKnownFileType = sourcecode.swift; path = UserSelectionPropertyWrapper.swift; sourceTree = "<group>"; };
		01B7614B2990DEEC00DC964B /* GameOptionView.swift */ = {isa = PBXFileReference; lastKnownFileType = sourcecode.swift; path = GameOptionView.swift; sourceTree = "<group>"; };
		01B7614D2990E01C00DC964B /* SavedGameView.swift */ = {isa = PBXFileReference; lastKnownFileType = sourcecode.swift; path = SavedGameView.swift; sourceTree = "<group>"; };
		01B7614F2990EACF00DC964B /* DeckPickerView.swift */ = {isa = PBXFileReference; lastKnownFileType = sourcecode.swift; path = DeckPickerView.swift; sourceTree = "<group>"; };
		01CB8DAA299B5BE200F7A72D /* NetworkService.swift */ = {isa = PBXFileReference; lastKnownFileType = sourcecode.swift; path = NetworkService.swift; sourceTree = "<group>"; };
		01CB8DAC299B5ED700F7A72D /* CardAPI.swift */ = {isa = PBXFileReference; lastKnownFileType = sourcecode.swift; path = CardAPI.swift; sourceTree = "<group>"; };
		01CB8DAE299B633700F7A72D /* APICardStateViewModel.swift */ = {isa = PBXFileReference; lastKnownFileType = sourcecode.swift; path = APICardStateViewModel.swift; sourceTree = "<group>"; };
		01CB8DB0299B65F500F7A72D /* ApiImageDeckViewModel.swift */ = {isa = PBXFileReference; lastKnownFileType = sourcecode.swift; path = ApiImageDeckViewModel.swift; sourceTree = "<group>"; };
		01CB8DB3299B67CB00F7A72D /* APICardStateView.swift */ = {isa = PBXFileReference; lastKnownFileType = sourcecode.swift; path = APICardStateView.swift; sourceTree = "<group>"; };
		01CB8DB5299B780200F7A72D /* APICardStateErrorView.swift */ = {isa = PBXFileReference; lastKnownFileType = sourcecode.swift; path = APICardStateErrorView.swift; sourceTree = "<group>"; };
		01CB8DB7299B881800F7A72D /* PrepareAPICardGameView.swift */ = {isa = PBXFileReference; lastKnownFileType = sourcecode.swift; path = PrepareAPICardGameView.swift; sourceTree = "<group>"; };
		01DAF6EE298B983D002860F1 /* DeckGenerator.swift */ = {isa = PBXFileReference; lastKnownFileType = sourcecode.swift; path = DeckGenerator.swift; sourceTree = "<group>"; };
		01DAF6F0298B986A002860F1 /* GameViewModel.swift */ = {isa = PBXFileReference; lastKnownFileType = sourcecode.swift; path = GameViewModel.swift; sourceTree = "<group>"; };
		01DAF6F6298B9A4D002860F1 /* AudioService.swift */ = {isa = PBXFileReference; lastKnownFileType = sourcecode.swift; path = AudioService.swift; sourceTree = "<group>"; };
		01DAF6F8298B9C3D002860F1 /* AudioViewModel.swift */ = {isa = PBXFileReference; lastKnownFileType = sourcecode.swift; path = AudioViewModel.swift; sourceTree = "<group>"; };
		01DAF6FA298B9FA2002860F1 /* chimeup.mp3 */ = {isa = PBXFileReference; lastKnownFileType = audio.mp3; path = chimeup.mp3; sourceTree = "<group>"; };
		01DAF6FB298B9FA3002860F1 /* success.m4a */ = {isa = PBXFileReference; lastKnownFileType = file; path = success.m4a; sourceTree = "<group>"; };
		01DAF702298B9FD6002860F1 /* MemorizeTests.xctest */ = {isa = PBXFileReference; explicitFileType = wrapper.cfbundle; includeInIndex = 0; path = MemorizeTests.xctest; sourceTree = BUILT_PRODUCTS_DIR; };
		01DAF704298B9FD6002860F1 /* MemorizeTests.swift */ = {isa = PBXFileReference; lastKnownFileType = sourcecode.swift; path = MemorizeTests.swift; sourceTree = "<group>"; };
/* End PBXFileReference section */

/* Begin PBXFrameworksBuildPhase section */
		012BACD6298968EA00BD2C44 /* Frameworks */ = {
			isa = PBXFrameworksBuildPhase;
			buildActionMask = 2147483647;
			files = (
			);
			runOnlyForDeploymentPostprocessing = 0;
		};
		01DAF6FF298B9FD6002860F1 /* Frameworks */ = {
			isa = PBXFrameworksBuildPhase;
			buildActionMask = 2147483647;
			files = (
			);
			runOnlyForDeploymentPostprocessing = 0;
		};
/* End PBXFrameworksBuildPhase section */

/* Begin PBXGroup section */
		012BACD0298968EA00BD2C44 = {
			isa = PBXGroup;
			children = (
				012BACDB298968EA00BD2C44 /* Memorize */,
				01DAF703298B9FD6002860F1 /* MemorizeTests */,
				012BACDA298968EA00BD2C44 /* Products */,
			);
			sourceTree = "<group>";
		};
		012BACDA298968EA00BD2C44 /* Products */ = {
			isa = PBXGroup;
			children = (
				012BACD9298968EA00BD2C44 /* Memorize.app */,
				01DAF702298B9FD6002860F1 /* MemorizeTests.xctest */,
			);
			name = Products;
			sourceTree = "<group>";
		};
		012BACDB298968EA00BD2C44 /* Memorize */ = {
			isa = PBXGroup;
			children = (
				012BACDC298968EA00BD2C44 /* MemorizeApp.swift */,
				012BACF4298969AE00BD2C44 /* Asset */,
				012BACF5298969F200BD2C44 /* Service */,
				012BACF32989695000BD2C44 /* ViewModel */,
				012BACF22989694800BD2C44 /* Model */,
				012BACF12989694000BD2C44 /* View */,
				012BACE2298968EB00BD2C44 /* Preview Content */,
			);
			path = Memorize;
			sourceTree = "<group>";
		};
		012BACE2298968EB00BD2C44 /* Preview Content */ = {
			isa = PBXGroup;
			children = (
				012BACE3298968EB00BD2C44 /* Preview Assets.xcassets */,
			);
			path = "Preview Content";
			sourceTree = "<group>";
		};
		012BACF12989694000BD2C44 /* View */ = {
			isa = PBXGroup;
			children = (
				01CB8DB2299B67A200F7A72D /* APICardState */,
				01510EAB29922DA700AB8E9B /* Game */,
				01B761222990C97A00DC964B /* Helpers */,
				018BD208298E6B6E00CE7556 /* Onboarding */,
				01B46E692998376F001769EE /* DeckAndCardPicker */,
				01B7614B2990DEEC00DC964B /* GameOptionView.swift */,
				01510EA329921B1500AB8E9B /* LevelOptionView.swift */,
				01103BAD2997E6B900B938D2 /* GameCard.swift */,
				01B7614D2990E01C00DC964B /* SavedGameView.swift */,
			);
			path = View;
			sourceTree = "<group>";
		};
		012BACF22989694800BD2C44 /* Model */ = {
			isa = PBXGroup;
			children = (
				012BACF629896ADD00BD2C44 /* CoreData */,
				012BACF729896B3700BD2C44 /* DeckBuilderModel.swift */,
				0100FEC9299012130067F766 /* Card.swift */,
				01CB8DAC299B5ED700F7A72D /* CardAPI.swift */,
			);
			path = Model;
			sourceTree = "<group>";
		};
		012BACF32989695000BD2C44 /* ViewModel */ = {
			isa = PBXGroup;
			children = (
				01DAF6F0298B986A002860F1 /* GameViewModel.swift */,
				01DAF6F8298B9C3D002860F1 /* AudioViewModel.swift */,
				0100FEDB299014C20067F766 /* OnboardingViewModel.swift */,
				0124B9D2299A0D07002B9D65 /* SavedGameViewModel.swift */,
				01CB8DAE299B633700F7A72D /* APICardStateViewModel.swift */,
				01CB8DB0299B65F500F7A72D /* ApiImageDeckViewModel.swift */,
			);
			path = ViewModel;
			sourceTree = "<group>";
		};
		012BACF4298969AE00BD2C44 /* Asset */ = {
			isa = PBXGroup;
			children = (
				018BD209298E6C6E00CE7556 /* soundtrack.mp3 */,
				01DAF6FA298B9FA2002860F1 /* chimeup.mp3 */,
				01DAF6FB298B9FA3002860F1 /* success.m4a */,
				012BACE0298968EB00BD2C44 /* Assets.xcassets */,
			);
			path = Asset;
			sourceTree = "<group>";
		};
		012BACF5298969F200BD2C44 /* Service */ = {
			isa = PBXGroup;
			children = (
				01DAF6EE298B983D002860F1 /* DeckGenerator.swift */,
				01DAF6F6298B9A4D002860F1 /* AudioService.swift */,
				01CB8DAA299B5BE200F7A72D /* NetworkService.swift */,
			);
			path = Service;
			sourceTree = "<group>";
		};
		012BACF629896ADD00BD2C44 /* CoreData */ = {
			isa = PBXGroup;
			children = (
				0124B9DE299A631B002B9D65 /* Player+CoreDataClass.swift */,
				0124B9DF299A631B002B9D65 /* Player+CoreDataProperties.swift */,
				0124B9E0299A631B002B9D65 /* Game+CoreDataClass.swift */,
				0124B9E1299A631B002B9D65 /* Game+CoreDataProperties.swift */,
				012BACE5298968EB00BD2C44 /* Persistence.swift */,
				012BACE7298968EB00BD2C44 /* Memorize.xcdatamodeld */,
			);
			path = CoreData;
			sourceTree = "<group>";
		};
		01510EAB29922DA700AB8E9B /* Game */ = {
			isa = PBXGroup;
			children = (
				01510EAC29922DBB00AB8E9B /* Memorize.swift */,
			);
			path = Game;
			sourceTree = "<group>";
		};
		018BD208298E6B6E00CE7556 /* Onboarding */ = {
			isa = PBXGroup;
			children = (
				0100FEC7299004FB0067F766 /* UserSelectionView.swift */,
				01B761292990D0E300DC964B /* UserSelectionPropertyWrapper.swift */,
			);
			path = Onboarding;
			sourceTree = "<group>";
		};
		01B46E692998376F001769EE /* DeckAndCardPicker */ = {
			isa = PBXGroup;
			children = (
				01B7614F2990EACF00DC964B /* DeckPickerView.swift */,
				01B46E6A299837C4001769EE /* ShowCardOptionView.swift */,
			);
			path = DeckAndCardPicker;
			sourceTree = "<group>";
		};
		01B761222990C97A00DC964B /* Helpers */ = {
			isa = PBXGroup;
			children = (
				01B761272990CC2B00DC964B /* UIErrorHandler.swift */,
			);
			path = Helpers;
			sourceTree = "<group>";
		};
		01CB8DB2299B67A200F7A72D /* APICardState */ = {
			isa = PBXGroup;
			children = (
				01CB8DB3299B67CB00F7A72D /* APICardStateView.swift */,
				01CB8DB5299B780200F7A72D /* APICardStateErrorView.swift */,
				01CB8DB7299B881800F7A72D /* PrepareAPICardGameView.swift */,
			);
			path = APICardState;
			sourceTree = "<group>";
		};
		01DAF703298B9FD6002860F1 /* MemorizeTests */ = {
			isa = PBXGroup;
			children = (
				01DAF704298B9FD6002860F1 /* MemorizeTests.swift */,
			);
			path = MemorizeTests;
			sourceTree = "<group>";
		};
/* End PBXGroup section */

/* Begin PBXNativeTarget section */
		012BACD8298968EA00BD2C44 /* Memorize */ = {
			isa = PBXNativeTarget;
			buildConfigurationList = 012BACEC298968EB00BD2C44 /* Build configuration list for PBXNativeTarget "Memorize" */;
			buildPhases = (
				012BACD5298968EA00BD2C44 /* Sources */,
				012BACD6298968EA00BD2C44 /* Frameworks */,
				012BACD7298968EA00BD2C44 /* Resources */,
			);
			buildRules = (
			);
			dependencies = (
			);
			name = Memorize;
			productName = Memorize;
			productReference = 012BACD9298968EA00BD2C44 /* Memorize.app */;
			productType = "com.apple.product-type.application";
		};
		01DAF701298B9FD6002860F1 /* MemorizeTests */ = {
			isa = PBXNativeTarget;
			buildConfigurationList = 01DAF708298B9FD6002860F1 /* Build configuration list for PBXNativeTarget "MemorizeTests" */;
			buildPhases = (
				01DAF6FE298B9FD6002860F1 /* Sources */,
				01DAF6FF298B9FD6002860F1 /* Frameworks */,
				01DAF700298B9FD6002860F1 /* Resources */,
			);
			buildRules = (
			);
			dependencies = (
				01DAF707298B9FD6002860F1 /* PBXTargetDependency */,
			);
			name = MemorizeTests;
			productName = MemorizeTests;
			productReference = 01DAF702298B9FD6002860F1 /* MemorizeTests.xctest */;
			productType = "com.apple.product-type.bundle.unit-test";
		};
/* End PBXNativeTarget section */

/* Begin PBXProject section */
		012BACD1298968EA00BD2C44 /* Project object */ = {
			isa = PBXProject;
			attributes = {
				BuildIndependentTargetsInParallel = 1;
				LastSwiftUpdateCheck = 1410;
				LastUpgradeCheck = 1410;
				TargetAttributes = {
					012BACD8298968EA00BD2C44 = {
						CreatedOnToolsVersion = 14.1;
					};
					01DAF701298B9FD6002860F1 = {
						CreatedOnToolsVersion = 14.1;
						TestTargetID = 012BACD8298968EA00BD2C44;
					};
				};
			};
			buildConfigurationList = 012BACD4298968EA00BD2C44 /* Build configuration list for PBXProject "Memorize" */;
			compatibilityVersion = "Xcode 14.0";
			developmentRegion = en;
			hasScannedForEncodings = 0;
			knownRegions = (
				en,
				Base,
			);
			mainGroup = 012BACD0298968EA00BD2C44;
			productRefGroup = 012BACDA298968EA00BD2C44 /* Products */;
			projectDirPath = "";
			projectRoot = "";
			targets = (
				012BACD8298968EA00BD2C44 /* Memorize */,
				01DAF701298B9FD6002860F1 /* MemorizeTests */,
			);
		};
/* End PBXProject section */

/* Begin PBXResourcesBuildPhase section */
		012BACD7298968EA00BD2C44 /* Resources */ = {
			isa = PBXResourcesBuildPhase;
			buildActionMask = 2147483647;
			files = (
				01DAF6FD298B9FA3002860F1 /* success.m4a in Resources */,
				01DAF6FC298B9FA3002860F1 /* chimeup.mp3 in Resources */,
				012BACE4298968EB00BD2C44 /* Preview Assets.xcassets in Resources */,
				012BACE1298968EB00BD2C44 /* Assets.xcassets in Resources */,
				018BD20A298E6C6F00CE7556 /* soundtrack.mp3 in Resources */,
			);
			runOnlyForDeploymentPostprocessing = 0;
		};
		01DAF700298B9FD6002860F1 /* Resources */ = {
			isa = PBXResourcesBuildPhase;
			buildActionMask = 2147483647;
			files = (
			);
			runOnlyForDeploymentPostprocessing = 0;
		};
/* End PBXResourcesBuildPhase section */

/* Begin PBXSourcesBuildPhase section */
		012BACD5298968EA00BD2C44 /* Sources */ = {
			isa = PBXSourcesBuildPhase;
			buildActionMask = 2147483647;
			files = (
				01DAF6F7298B9A4D002860F1 /* AudioService.swift in Sources */,
				01DAF6F9298B9C3D002860F1 /* AudioViewModel.swift in Sources */,
				01CB8DAD299B5ED700F7A72D /* CardAPI.swift in Sources */,
				012BACF829896B3700BD2C44 /* DeckBuilderModel.swift in Sources */,
				0124B9E3299A631B002B9D65 /* Player+CoreDataProperties.swift in Sources */,
				01B7614E2990E01C00DC964B /* SavedGameView.swift in Sources */,
				0100FEDC299014C20067F766 /* OnboardingViewModel.swift in Sources */,
				01B7614C2990DEEC00DC964B /* GameOptionView.swift in Sources */,
				01B761502990EACF00DC964B /* DeckPickerView.swift in Sources */,
				012BACE6298968EB00BD2C44 /* Persistence.swift in Sources */,
				01B761282990CC2B00DC964B /* UIErrorHandler.swift in Sources */,
				0124B9D3299A0D07002B9D65 /* SavedGameViewModel.swift in Sources */,
				012BACE9298968EB00BD2C44 /* Memorize.xcdatamodeld in Sources */,
				01103BAE2997E6B900B938D2 /* GameCard.swift in Sources */,
				01DAF6EF298B983D002860F1 /* DeckGenerator.swift in Sources */,
				01CB8DB8299B881800F7A72D /* PrepareAPICardGameView.swift in Sources */,
				0124B9E5299A631B002B9D65 /* Game+CoreDataProperties.swift in Sources */,
				01CB8DB1299B65F500F7A72D /* ApiImageDeckViewModel.swift in Sources */,
				01CB8DB6299B780200F7A72D /* APICardStateErrorView.swift in Sources */,
				01510EAD29922DBB00AB8E9B /* Memorize.swift in Sources */,
				0124B9E2299A631B002B9D65 /* Player+CoreDataClass.swift in Sources */,
				0100FEC8299004FB0067F766 /* UserSelectionView.swift in Sources */,
				0124B9E4299A631B002B9D65 /* Game+CoreDataClass.swift in Sources */,
				01510EA429921B1500AB8E9B /* LevelOptionView.swift in Sources */,
				01B46E6B299837C4001769EE /* ShowCardOptionView.swift in Sources */,
				01DAF6F1298B986A002860F1 /* GameViewModel.swift in Sources */,
				01CB8DAF299B633700F7A72D /* APICardStateViewModel.swift in Sources */,
				012BACDD298968EA00BD2C44 /* MemorizeApp.swift in Sources */,
				01B7612A2990D0E300DC964B /* UserSelectionPropertyWrapper.swift in Sources */,
				01CB8DAB299B5BE200F7A72D /* NetworkService.swift in Sources */,
				0100FECA299012130067F766 /* Card.swift in Sources */,
				01CB8DB4299B67CB00F7A72D /* APICardStateView.swift in Sources */,
			);
			runOnlyForDeploymentPostprocessing = 0;
		};
		01DAF6FE298B9FD6002860F1 /* Sources */ = {
			isa = PBXSourcesBuildPhase;
			buildActionMask = 2147483647;
			files = (
				01DAF705298B9FD6002860F1 /* MemorizeTests.swift in Sources */,
			);
			runOnlyForDeploymentPostprocessing = 0;
		};
/* End PBXSourcesBuildPhase section */

/* Begin PBXTargetDependency section */
		01DAF707298B9FD6002860F1 /* PBXTargetDependency */ = {
			isa = PBXTargetDependency;
			target = 012BACD8298968EA00BD2C44 /* Memorize */;
			targetProxy = 01DAF706298B9FD6002860F1 /* PBXContainerItemProxy */;
		};
/* End PBXTargetDependency section */

/* Begin XCBuildConfiguration section */
		012BACEA298968EB00BD2C44 /* Debug */ = {
			isa = XCBuildConfiguration;
			buildSettings = {
				ALWAYS_SEARCH_USER_PATHS = NO;
				CLANG_ANALYZER_NONNULL = YES;
				CLANG_ANALYZER_NUMBER_OBJECT_CONVERSION = YES_AGGRESSIVE;
				CLANG_CXX_LANGUAGE_STANDARD = "gnu++20";
				CLANG_ENABLE_MODULES = YES;
				CLANG_ENABLE_OBJC_ARC = YES;
				CLANG_ENABLE_OBJC_WEAK = YES;
				CLANG_WARN_BLOCK_CAPTURE_AUTORELEASING = YES;
				CLANG_WARN_BOOL_CONVERSION = YES;
				CLANG_WARN_COMMA = YES;
				CLANG_WARN_CONSTANT_CONVERSION = YES;
				CLANG_WARN_DEPRECATED_OBJC_IMPLEMENTATIONS = YES;
				CLANG_WARN_DIRECT_OBJC_ISA_USAGE = YES_ERROR;
				CLANG_WARN_DOCUMENTATION_COMMENTS = YES;
				CLANG_WARN_EMPTY_BODY = YES;
				CLANG_WARN_ENUM_CONVERSION = YES;
				CLANG_WARN_INFINITE_RECURSION = YES;
				CLANG_WARN_INT_CONVERSION = YES;
				CLANG_WARN_NON_LITERAL_NULL_CONVERSION = YES;
				CLANG_WARN_OBJC_IMPLICIT_RETAIN_SELF = YES;
				CLANG_WARN_OBJC_LITERAL_CONVERSION = YES;
				CLANG_WARN_OBJC_ROOT_CLASS = YES_ERROR;
				CLANG_WARN_QUOTED_INCLUDE_IN_FRAMEWORK_HEADER = YES;
				CLANG_WARN_RANGE_LOOP_ANALYSIS = YES;
				CLANG_WARN_STRICT_PROTOTYPES = YES;
				CLANG_WARN_SUSPICIOUS_MOVE = YES;
				CLANG_WARN_UNGUARDED_AVAILABILITY = YES_AGGRESSIVE;
				CLANG_WARN_UNREACHABLE_CODE = YES;
				CLANG_WARN__DUPLICATE_METHOD_MATCH = YES;
				COPY_PHASE_STRIP = NO;
				DEBUG_INFORMATION_FORMAT = dwarf;
				ENABLE_STRICT_OBJC_MSGSEND = YES;
				ENABLE_TESTABILITY = YES;
				GCC_C_LANGUAGE_STANDARD = gnu11;
				GCC_DYNAMIC_NO_PIC = NO;
				GCC_NO_COMMON_BLOCKS = YES;
				GCC_OPTIMIZATION_LEVEL = 0;
				GCC_PREPROCESSOR_DEFINITIONS = (
					"DEBUG=1",
					"$(inherited)",
				);
				GCC_WARN_64_TO_32_BIT_CONVERSION = YES;
				GCC_WARN_ABOUT_RETURN_TYPE = YES_ERROR;
				GCC_WARN_UNDECLARED_SELECTOR = YES;
				GCC_WARN_UNINITIALIZED_AUTOS = YES_AGGRESSIVE;
				GCC_WARN_UNUSED_FUNCTION = YES;
				GCC_WARN_UNUSED_VARIABLE = YES;
				IPHONEOS_DEPLOYMENT_TARGET = 16.1;
				MTL_ENABLE_DEBUG_INFO = INCLUDE_SOURCE;
				MTL_FAST_MATH = YES;
				ONLY_ACTIVE_ARCH = YES;
				SDKROOT = iphoneos;
				SWIFT_ACTIVE_COMPILATION_CONDITIONS = DEBUG;
				SWIFT_OPTIMIZATION_LEVEL = "-Onone";
			};
			name = Debug;
		};
		012BACEB298968EB00BD2C44 /* Release */ = {
			isa = XCBuildConfiguration;
			buildSettings = {
				ALWAYS_SEARCH_USER_PATHS = NO;
				CLANG_ANALYZER_NONNULL = YES;
				CLANG_ANALYZER_NUMBER_OBJECT_CONVERSION = YES_AGGRESSIVE;
				CLANG_CXX_LANGUAGE_STANDARD = "gnu++20";
				CLANG_ENABLE_MODULES = YES;
				CLANG_ENABLE_OBJC_ARC = YES;
				CLANG_ENABLE_OBJC_WEAK = YES;
				CLANG_WARN_BLOCK_CAPTURE_AUTORELEASING = YES;
				CLANG_WARN_BOOL_CONVERSION = YES;
				CLANG_WARN_COMMA = YES;
				CLANG_WARN_CONSTANT_CONVERSION = YES;
				CLANG_WARN_DEPRECATED_OBJC_IMPLEMENTATIONS = YES;
				CLANG_WARN_DIRECT_OBJC_ISA_USAGE = YES_ERROR;
				CLANG_WARN_DOCUMENTATION_COMMENTS = YES;
				CLANG_WARN_EMPTY_BODY = YES;
				CLANG_WARN_ENUM_CONVERSION = YES;
				CLANG_WARN_INFINITE_RECURSION = YES;
				CLANG_WARN_INT_CONVERSION = YES;
				CLANG_WARN_NON_LITERAL_NULL_CONVERSION = YES;
				CLANG_WARN_OBJC_IMPLICIT_RETAIN_SELF = YES;
				CLANG_WARN_OBJC_LITERAL_CONVERSION = YES;
				CLANG_WARN_OBJC_ROOT_CLASS = YES_ERROR;
				CLANG_WARN_QUOTED_INCLUDE_IN_FRAMEWORK_HEADER = YES;
				CLANG_WARN_RANGE_LOOP_ANALYSIS = YES;
				CLANG_WARN_STRICT_PROTOTYPES = YES;
				CLANG_WARN_SUSPICIOUS_MOVE = YES;
				CLANG_WARN_UNGUARDED_AVAILABILITY = YES_AGGRESSIVE;
				CLANG_WARN_UNREACHABLE_CODE = YES;
				CLANG_WARN__DUPLICATE_METHOD_MATCH = YES;
				COPY_PHASE_STRIP = NO;
				DEBUG_INFORMATION_FORMAT = "dwarf-with-dsym";
				ENABLE_NS_ASSERTIONS = NO;
				ENABLE_STRICT_OBJC_MSGSEND = YES;
				GCC_C_LANGUAGE_STANDARD = gnu11;
				GCC_NO_COMMON_BLOCKS = YES;
				GCC_WARN_64_TO_32_BIT_CONVERSION = YES;
				GCC_WARN_ABOUT_RETURN_TYPE = YES_ERROR;
				GCC_WARN_UNDECLARED_SELECTOR = YES;
				GCC_WARN_UNINITIALIZED_AUTOS = YES_AGGRESSIVE;
				GCC_WARN_UNUSED_FUNCTION = YES;
				GCC_WARN_UNUSED_VARIABLE = YES;
				IPHONEOS_DEPLOYMENT_TARGET = 16.1;
				MTL_ENABLE_DEBUG_INFO = NO;
				MTL_FAST_MATH = YES;
				SDKROOT = iphoneos;
				SWIFT_COMPILATION_MODE = wholemodule;
				SWIFT_OPTIMIZATION_LEVEL = "-O";
				VALIDATE_PRODUCT = YES;
			};
			name = Release;
		};
		012BACED298968EB00BD2C44 /* Debug */ = {
			isa = XCBuildConfiguration;
			buildSettings = {
				ASSETCATALOG_COMPILER_APPICON_NAME = AppIcon;
				ASSETCATALOG_COMPILER_GLOBAL_ACCENT_COLOR_NAME = AccentColor;
				CODE_SIGN_STYLE = Automatic;
				CURRENT_PROJECT_VERSION = 1;
				DEVELOPMENT_ASSET_PATHS = "\"Memorize/Preview Content\"";
				DEVELOPMENT_TEAM = 4NUH9696GL;
				ENABLE_PREVIEWS = YES;
				GENERATE_INFOPLIST_FILE = YES;
				INFOPLIST_KEY_UIApplicationSceneManifest_Generation = YES;
				INFOPLIST_KEY_UIApplicationSupportsIndirectInputEvents = YES;
				INFOPLIST_KEY_UILaunchScreen_Generation = YES;
				INFOPLIST_KEY_UISupportedInterfaceOrientations = UIInterfaceOrientationPortrait;
				INFOPLIST_KEY_UISupportedInterfaceOrientations_iPad = "UIInterfaceOrientationLandscapeLeft UIInterfaceOrientationLandscapeRight UIInterfaceOrientationPortrait UIInterfaceOrientationPortraitUpsideDown";
				LD_RUNPATH_SEARCH_PATHS = (
					"$(inherited)",
					"@executable_path/Frameworks",
				);
				MARKETING_VERSION = 1.0;
				PRODUCT_BUNDLE_IDENTIFIER = com.valdal14.Memorize;
				PRODUCT_NAME = "$(TARGET_NAME)";
				SUPPORTED_PLATFORMS = "iphoneos iphonesimulator";
				SUPPORTS_MACCATALYST = NO;
				SUPPORTS_MAC_DESIGNED_FOR_IPHONE_IPAD = NO;
				SWIFT_EMIT_LOC_STRINGS = YES;
				SWIFT_VERSION = 5.0;
				TARGETED_DEVICE_FAMILY = 1;
			};
			name = Debug;
		};
		012BACEE298968EB00BD2C44 /* Release */ = {
			isa = XCBuildConfiguration;
			buildSettings = {
				ASSETCATALOG_COMPILER_APPICON_NAME = AppIcon;
				ASSETCATALOG_COMPILER_GLOBAL_ACCENT_COLOR_NAME = AccentColor;
				CODE_SIGN_STYLE = Automatic;
				CURRENT_PROJECT_VERSION = 1;
				DEVELOPMENT_ASSET_PATHS = "\"Memorize/Preview Content\"";
				DEVELOPMENT_TEAM = 4NUH9696GL;
				ENABLE_PREVIEWS = YES;
				GENERATE_INFOPLIST_FILE = YES;
				INFOPLIST_KEY_UIApplicationSceneManifest_Generation = YES;
				INFOPLIST_KEY_UIApplicationSupportsIndirectInputEvents = YES;
				INFOPLIST_KEY_UILaunchScreen_Generation = YES;
				INFOPLIST_KEY_UISupportedInterfaceOrientations = UIInterfaceOrientationPortrait;
				INFOPLIST_KEY_UISupportedInterfaceOrientations_iPad = "UIInterfaceOrientationLandscapeLeft UIInterfaceOrientationLandscapeRight UIInterfaceOrientationPortrait UIInterfaceOrientationPortraitUpsideDown";
				LD_RUNPATH_SEARCH_PATHS = (
					"$(inherited)",
					"@executable_path/Frameworks",
				);
				MARKETING_VERSION = 1.0;
				PRODUCT_BUNDLE_IDENTIFIER = com.valdal14.Memorize;
				PRODUCT_NAME = "$(TARGET_NAME)";
				SUPPORTED_PLATFORMS = "iphoneos iphonesimulator";
				SUPPORTS_MACCATALYST = NO;
				SUPPORTS_MAC_DESIGNED_FOR_IPHONE_IPAD = NO;
				SWIFT_EMIT_LOC_STRINGS = YES;
				SWIFT_VERSION = 5.0;
				TARGETED_DEVICE_FAMILY = 1;
			};
			name = Release;
		};
		01DAF709298B9FD6002860F1 /* Debug */ = {
			isa = XCBuildConfiguration;
			buildSettings = {
				BUNDLE_LOADER = "$(TEST_HOST)";
				CODE_SIGN_STYLE = Automatic;
				CURRENT_PROJECT_VERSION = 1;
				DEVELOPMENT_TEAM = 4NUH9696GL;
				GENERATE_INFOPLIST_FILE = YES;
				MARKETING_VERSION = 1.0;
				PRODUCT_BUNDLE_IDENTIFIER = com.valdal14.MemorizeTests;
				PRODUCT_NAME = "$(TARGET_NAME)";
				SWIFT_EMIT_LOC_STRINGS = NO;
				SWIFT_VERSION = 5.0;
				TARGETED_DEVICE_FAMILY = "1,2";
				TEST_HOST = "$(BUILT_PRODUCTS_DIR)/Memorize.app/$(BUNDLE_EXECUTABLE_FOLDER_PATH)/Memorize";
			};
			name = Debug;
		};
		01DAF70A298B9FD6002860F1 /* Release */ = {
			isa = XCBuildConfiguration;
			buildSettings = {
				BUNDLE_LOADER = "$(TEST_HOST)";
				CODE_SIGN_STYLE = Automatic;
				CURRENT_PROJECT_VERSION = 1;
				DEVELOPMENT_TEAM = 4NUH9696GL;
				GENERATE_INFOPLIST_FILE = YES;
				MARKETING_VERSION = 1.0;
				PRODUCT_BUNDLE_IDENTIFIER = com.valdal14.MemorizeTests;
				PRODUCT_NAME = "$(TARGET_NAME)";
				SWIFT_EMIT_LOC_STRINGS = NO;
				SWIFT_VERSION = 5.0;
				TARGETED_DEVICE_FAMILY = "1,2";
				TEST_HOST = "$(BUILT_PRODUCTS_DIR)/Memorize.app/$(BUNDLE_EXECUTABLE_FOLDER_PATH)/Memorize";
			};
			name = Release;
		};
/* End XCBuildConfiguration section */

/* Begin XCConfigurationList section */
		012BACD4298968EA00BD2C44 /* Build configuration list for PBXProject "Memorize" */ = {
			isa = XCConfigurationList;
			buildConfigurations = (
				012BACEA298968EB00BD2C44 /* Debug */,
				012BACEB298968EB00BD2C44 /* Release */,
			);
			defaultConfigurationIsVisible = 0;
			defaultConfigurationName = Release;
		};
		012BACEC298968EB00BD2C44 /* Build configuration list for PBXNativeTarget "Memorize" */ = {
			isa = XCConfigurationList;
			buildConfigurations = (
				012BACED298968EB00BD2C44 /* Debug */,
				012BACEE298968EB00BD2C44 /* Release */,
			);
			defaultConfigurationIsVisible = 0;
			defaultConfigurationName = Release;
		};
		01DAF708298B9FD6002860F1 /* Build configuration list for PBXNativeTarget "MemorizeTests" */ = {
			isa = XCConfigurationList;
			buildConfigurations = (
				01DAF709298B9FD6002860F1 /* Debug */,
				01DAF70A298B9FD6002860F1 /* Release */,
			);
			defaultConfigurationIsVisible = 0;
			defaultConfigurationName = Release;
		};
/* End XCConfigurationList section */

/* Begin XCVersionGroup section */
		012BACE7298968EB00BD2C44 /* Memorize.xcdatamodeld */ = {
			isa = XCVersionGroup;
			children = (
				012BACE8298968EB00BD2C44 /* Memorize.xcdatamodel */,
			);
			currentVersion = 012BACE8298968EB00BD2C44 /* Memorize.xcdatamodel */;
			path = Memorize.xcdatamodeld;
			sourceTree = "<group>";
			versionGroupType = wrapper.xcdatamodel;
		};
/* End XCVersionGroup section */
	};
	rootObject = 012BACD1298968EA00BD2C44 /* Project object */;
}
